
Microsoft Visual Studio Solution File, Format Version 12.00
# Visual Studio 15
VisualStudioVersion = 15.0.27130.2020
MinimumVisualStudioVersion = 10.0.40219.1
Project("{FAE04EC0-301F-11D3-BF4B-00C04F79EFBC}") = "Sil3", "Sil3\Sil3.csproj", "{59C35AC5-500B-4C16-A643-ED9F20DC69EC}"
EndProject
Global
	GlobalSection(SolutionConfigurationPlatforms) = preSolution
		Debug|Any CPU = Debug|Any CPU
		Release|Any CPU = Release|Any CPU
	EndGlobalSection
	GlobalSection(ProjectConfigurationPlatforms) = postSolution
		{59C35AC5-500B-4C16-A643-ED9F20DC69EC}.Debug|Any CPU.ActiveCfg = Debug|Any CPU
		{59C35AC5-500B-4C16-A643-ED9F20DC69EC}.Debug|Any CPU.Build.0 = Debug|Any CPU
		{59C35AC5-500B-4C16-A643-ED9F20DC69EC}.Release|Any CPU.ActiveCfg = Release|Any CPU
		{59C35AC5-500B-4C16-A643-ED9F20DC69EC}.Release|Any CPU.Build.0 = Release|Any CPU
	EndGlobalSection
	GlobalSection(SolutionProperties) = preSolution
		HideSolutionNode = FALSE
	EndGlobalSection
	GlobalSection(ExtensibilityGlobals) = postSolution
		SolutionGuid = {50760D33-D644-45FB-991E-E5FD0F14B153}
	EndGlobalSection
EndGlobal
